<?xml version="1.0" encoding="utf-8"?>
<Project ToolsVersion="4.0" xmlns="http://schemas.microsoft.com/developer/msbuild/2003">
  <ItemGroup>
    <Filter Include="Source Files">
      <UniqueIdentifier>{4FC737F1-C7A5-4376-A066-2A32D752A2FF}</UniqueIdentifier>
      <Extensions>cpp;c;cc;cxx;def;odl;idl;hpj;bat;asm;asmx</Extensions>
    </Filter>
    <Filter Include="Header Files">
      <UniqueIdentifier>{93995380-89BD-4b04-88EB-625FBE52EBFB}</UniqueIdentifier>
      <Extensions>h;hh;hpp;hxx;hm;inl;inc;xsd</Extensions>
    </Filter>
    <Filter Include="Resource Files">
      <UniqueIdentifier>{67DA6AB6-F800-4c08-8B7A-83BB121AAD01}</UniqueIdentifier>
      <Extensions>rc;ico;cur;bmp;dlg;rc2;rct;bin;rgs;gif;jpg;jpeg;jpe;resx;tiff;tif;png;wav</Extensions>
    </Filter>
  </ItemGroup>
  <ItemGroup>
    <ClCompile Include="libs\minini\minIni.c">
      <Filter>Source Files</Filter>
    </ClCompile>
    <ClCompile Include="src\CryptManager.cpp">
      <Filter>Source Files</Filter>
    </ClCompile>
    <ClCompile Include="src\DBManager.cpp">
      <Filter>Source Files</Filter>
    </ClCompile>
    <ClCompile Include="src\INIParser.cpp">
      <Filter>Source Files</Filter>
    </ClCompile>
    <ClCompile Include="src\main.cpp">
      <Filter>Source Files</Filter>
    </ClCompile>
    <ClCompile Include="src\MD5.cpp">
      <Filter>Source Files</Filter>
    </ClCompile>
    <ClCompile Include="src\MessageHandler.cpp">
      <Filter>Source Files</Filter>
    </ClCompile>
    <ClCompile Include="src\NetManager.cpp">
      <Filter>Source Files</Filter>
    </ClCompile>
    <ClCompile Include="src\NetUtils.cpp">
      <Filter>Source Files</Filter>
    </ClCompile>
    <ClCompile Include="src\SessionManager.cpp">
      <Filter>Source Files</Filter>
    </ClCompile>
    <ClCompile Include="src\ThreadsUtils.cpp">
      <Filter>Source Files</Filter>
    </ClCompile>
  </ItemGroup>
  <ItemGroup>
    <None Include="libs\mysql\libmysql.def">
      <Filter>Source Files</Filter>
    </None>
    <None Include="src\config.ini" />
  </ItemGroup>
  <ItemGroup>
    <ClInclude Include="libs\minini\minGlue.h">
      <Filter>Header Files</Filter>
    </ClInclude>
    <ClInclude Include="libs\minini\minIni.h">
      <Filter>Header Files</Filter>
    </ClInclude>
    <ClInclude Include="libs\mysql\base64.h">
      <Filter>Header Files</Filter>
    </ClInclude>
    <ClInclude Include="libs\mysql\config-netware.h">
      <Filter>Header Files</Filter>
    </ClInclude>
    <ClInclude Include="libs\mysql\config-win.h">
      <Filter>Header Files</Filter>
    </ClInclude>
    <ClInclude Include="libs\mysql\decimal.h">
      <Filter>Header Files</Filter>
    </ClInclude>
    <ClInclude Include="libs\mysql\errmsg.h">
      <Filter>Header Files</Filter>
    </ClInclude>
    <ClInclude Include="libs\mysql\ft_global.h">
      <Filter>Header Files</Filter>
    </ClInclude>
    <ClInclude Include="libs\mysql\hash.h">
      <Filter>Header Files</Filter>
    </ClInclude>
    <ClInclude Include="libs\mysql\heap.h">
      <Filter>Header Files</Filter>
    </ClInclude>
    <ClInclude Include="libs\mysql\help_end.h">
      <Filter>Header Files</Filter>
    </ClInclude>
    <ClInclude Include="libs\mysql\help_start.h">
      <Filter>Header Files</Filter>
    </ClInclude>
    <ClInclude Include="libs\mysql\keycache.h">
      <Filter>Header Files</Filter>
    </ClInclude>
    <ClInclude Include="libs\mysql\myisam.h">
      <Filter>Header Files</Filter>
    </ClInclude>
    <ClInclude Include="libs\mysql\myisammrg.h">
      <Filter>Header Files</Filter>
    </ClInclude>
    <ClInclude Include="libs\mysql\myisampack.h">
      <Filter>Header Files</Filter>
    </ClInclude>
    <ClInclude Include="libs\mysql\mysql.h">
      <Filter>Header Files</Filter>
    </ClInclude>
    <ClInclude Include="libs\mysql\mysqld_ername.h">
      <Filter>Header Files</Filter>
    </ClInclude>
    <ClInclude Include="libs\mysql\mysqld_error.h">
      <Filter>Header Files</Filter>
    </ClInclude>
    <ClInclude Include="libs\mysql\mysql_com.h">
      <Filter>Header Files</Filter>
    </ClInclude>
    <ClInclude Include="libs\mysql\mysql_embed.h">
      <Filter>Header Files</Filter>
    </ClInclude>
    <ClInclude Include="libs\mysql\mysql_time.h">
      <Filter>Header Files</Filter>
    </ClInclude>
    <ClInclude Include="libs\mysql\mysql_version.h">
      <Filter>Header Files</Filter>
    </ClInclude>
    <ClInclude Include="libs\mysql\mysys_err.h">
      <Filter>Header Files</Filter>
    </ClInclude>
    <ClInclude Include="libs\mysql\my_aes.h">
      <Filter>Header Files</Filter>
    </ClInclude>
    <ClInclude Include="libs\mysql\my_alarm.h">
      <Filter>Header Files</Filter>
    </ClInclude>
    <ClInclude Include="libs\mysql\my_alloc.h">
      <Filter>Header Files</Filter>
    </ClInclude>
    <ClInclude Include="libs\mysql\my_atomic.h">
      <Filter>Header Files</Filter>
    </ClInclude>
    <ClInclude Include="libs\mysql\my_attribute.h">
      <Filter>Header Files</Filter>
    </ClInclude>
    <ClInclude Include="libs\mysql\my_base.h">
      <Filter>Header Files</Filter>
    </ClInclude>
    <ClInclude Include="libs\mysql\my_bit.h">
      <Filter>Header Files</Filter>
    </ClInclude>
    <ClInclude Include="libs\mysql\my_bitmap.h">
      <Filter>Header Files</Filter>
    </ClInclude>
    <ClInclude Include="libs\mysql\my_dbug.h">
      <Filter>Header Files</Filter>
    </ClInclude>
    <ClInclude Include="libs\mysql\my_dir.h">
      <Filter>Header Files</Filter>
    </ClInclude>
    <ClInclude Include="libs\mysql\my_getopt.h">
      <Filter>Header Files</Filter>
    </ClInclude>
    <ClInclude Include="libs\mysql\my_global.h">
      <Filter>Header Files</Filter>
    </ClInclude>
    <ClInclude Include="libs\mysql\my_handler.h">
      <Filter>Header Files</Filter>
    </ClInclude>
    <ClInclude Include="libs\mysql\my_libwrap.h">
      <Filter>Header Files</Filter>
    </ClInclude>
    <ClInclude Include="libs\mysql\my_list.h">
      <Filter>Header Files</Filter>
    </ClInclude>
    <ClInclude Include="libs\mysql\my_md5.h">
      <Filter>Header Files</Filter>
    </ClInclude>
    <ClInclude Include="libs\mysql\my_net.h">
      <Filter>Header Files</Filter>
    </ClInclude>
    <ClInclude Include="libs\mysql\my_nosys.h">
      <Filter>Header Files</Filter>
    </ClInclude>
    <ClInclude Include="libs\mysql\my_no_pthread.h">
      <Filter>Header Files</Filter>
    </ClInclude>
    <ClInclude Include="libs\mysql\my_pthread.h">
      <Filter>Header Files</Filter>
    </ClInclude>
    <ClInclude Include="libs\mysql\my_stacktrace.h">
      <Filter>Header Files</Filter>
    </ClInclude>
    <ClInclude Include="libs\mysql\my_sys.h">
      <Filter>Header Files</Filter>
    </ClInclude>
    <ClInclude Include="libs\mysql\my_time.h">
      <Filter>Header Files</Filter>
    </ClInclude>
    <ClInclude Include="libs\mysql\my_tree.h">
      <Filter>Header Files</Filter>
    </ClInclude>
    <ClInclude Include="libs\mysql\my_trie.h">
      <Filter>Header Files</Filter>
    </ClInclude>
    <ClInclude Include="libs\mysql\my_uctype.h">
      <Filter>Header Files</Filter>
    </ClInclude>
    <ClInclude Include="libs\mysql\my_user.h">
      <Filter>Header Files</Filter>
    </ClInclude>
    <ClInclude Include="libs\mysql\my_vle.h">
      <Filter>Header Files</Filter>
    </ClInclude>
    <ClInclude Include="libs\mysql\my_xml.h">
      <Filter>Header Files</Filter>
    </ClInclude>
    <ClInclude Include="libs\mysql\m_ctype.h">
      <Filter>Header Files</Filter>
    </ClInclude>
    <ClInclude Include="libs\mysql\m_string.h">
      <Filter>Header Files</Filter>
    </ClInclude>
    <ClInclude Include="libs\mysql\queues.h">
      <Filter>Header Files</Filter>
    </ClInclude>
    <ClInclude Include="libs\mysql\rijndael.h">
      <Filter>Header Files</Filter>
    </ClInclude>
    <ClInclude Include="libs\mysql\sha1.h">
      <Filter>Header Files</Filter>
    </ClInclude>
    <ClInclude Include="libs\mysql\sql_common.h">
      <Filter>Header Files</Filter>
    </ClInclude>
    <ClInclude Include="libs\mysql\sql_state.h">
      <Filter>Header Files</Filter>
    </ClInclude>
    <ClInclude Include="libs\mysql\sslopt-case.h">
      <Filter>Header Files</Filter>
    </ClInclude>
    <ClInclude Include="libs\mysql\sslopt-longopts.h">
      <Filter>Header Files</Filter>
    </ClInclude>
    <ClInclude Include="libs\mysql\sslopt-vars.h">
      <Filter>Header Files</Filter>
    </ClInclude>
    <ClInclude Include="libs\mysql\thr_alarm.h">
      <Filter>Header Files</Filter>
    </ClInclude>
    <ClInclude Include="libs\mysql\thr_lock.h">
      <Filter>Header Files</Filter>
    </ClInclude>
    <ClInclude Include="libs\mysql\typelib.h">
      <Filter>Header Files</Filter>
    </ClInclude>
    <ClInclude Include="libs\mysql\t_ctype.h">
      <Filter>Header Files</Filter>
    </ClInclude>
    <ClInclude Include="libs\mysql\violite.h">
      <Filter>Header Files</Filter>
    </ClInclude>
    <ClInclude Include="libs\pthreads\include\pthread.h">
      <Filter>Header Files</Filter>
    </ClInclude>
    <ClInclude Include="libs\pthreads\include\sched.h">
      <Filter>Header Files</Filter>
    </ClInclude>
    <ClInclude Include="libs\pthreads\include\semaphore.h">
      <Filter>Header Files</Filter>
    </ClInclude>
    <ClInclude Include="src\CryptManager.h">
      <Filter>Header Files</Filter>
    </ClInclude>
    <ClInclude Include="src\DBManager.h">
      <Filter>Header Files</Filter>
    </ClInclude>
    <ClInclude Include="src\INIParser.h">
      <Filter>Header Files</Filter>
    </ClInclude>
    <ClInclude Include="src\MD5.h">
      <Filter>Header Files</Filter>
    </ClInclude>
    <ClInclude Include="src\MessageHandler.h">
      <Filter>Header Files</Filter>
    </ClInclude>
    <ClInclude Include="src\NetManager.h">
      <Filter>Header Files</Filter>
    </ClInclude>
    <ClInclude Include="src\NetObjects.h">
      <Filter>Header Files</Filter>
    </ClInclude>
    <ClInclude Include="src\NetUtils.h">
      <Filter>Header Files</Filter>
    </ClInclude>
    <ClInclude Include="src\SessionManager.h">
      <Filter>Header Files</Filter>
    </ClInclude>
    <ClInclude Include="src\ThreadsUtils.h">
      <Filter>Header Files</Filter>
    </ClInclude>
    <ClInclude Include="src\resource.h">
      <Filter>Header Files</Filter>
    </ClInclude>
    <ClInclude Include="resource.h">
      <Filter>Header Files</Filter>
    </ClInclude>
  </ItemGroup>
  <ItemGroup>
    <Image Include="src\icon_g.ico">
      <Filter>Resource Files</Filter>
    </Image>
  </ItemGroup>
  <ItemGroup>
    <ResourceCompile Include="TabulaAuthenticationServer.rc">
      <Filter>Resource Files</Filter>
    </ResourceCompile>
  </ItemGroup>
</Project>